// !$*UTF8*$!
{
	archiveVersion = 1;
	classes = {
	};
	objectVersion = 77;
	objects = {

/* Begin PBXContainerItemProxy section */
		E863A25C2DCAA737009ED964 /* PBXContainerItemProxy */ = {
			isa = PBXContainerItemProxy;
			containerPortal = E863A23D2DCAA735009ED964 /* Project object */;
			proxyType = 1;
			remoteGlobalIDString = E863A2442DCAA735009ED964;
			remoteInfo = Magz;
		};
		E863A2662DCAA737009ED964 /* PBXContainerItemProxy */ = {
			isa = PBXContainerItemProxy;
			containerPortal = E863A23D2DCAA735009ED964 /* Project object */;
			proxyType = 1;
			remoteGlobalIDString = E863A2442DCAA735009ED964;
			remoteInfo = Magz;
		};
/* End PBXContainerItemProxy section */

/* Begin PBXFileReference section */
		E863A2452DCAA735009ED964 /* Magz.app */ = {isa = PBXFileReference; explicitFileType = wrapper.application; includeInIndex = 0; path = Magz.app; sourceTree = BUILT_PRODUCTS_DIR; };
		E863A25B2DCAA737009ED964 /* MagzTests.xctest */ = {isa = PBXFileReference; explicitFileType = wrapper.cfbundle; includeInIndex = 0; path = MagzTests.xctest; sourceTree = BUILT_PRODUCTS_DIR; };
		E863A2652DCAA737009ED964 /* MagzUITests.xctest */ = {isa = PBXFileReference; explicitFileType = wrapper.cfbundle; includeInIndex = 0; path = MagzUITests.xctest; sourceTree = BUILT_PRODUCTS_DIR; };
/* End PBXFileReference section */

/* Begin PBXFileSystemSynchronizedBuildFileExceptionSet section */
		E863A26D2DCAA737009ED964 /* Exceptions for "Magz" folder in "Magz" target */ = {
			isa = PBXFileSystemSynchronizedBuildFileExceptionSet;
			membershipExceptions = (
				Info.plist,
			);
			target = E863A2442DCAA735009ED964 /* Magz */;
		};
/* End PBXFileSystemSynchronizedBuildFileExceptionSet section */

/* Begin PBXFileSystemSynchronizedRootGroup section */
		E863A2472DCAA735009ED964 /* Magz */ = {
			isa = PBXFileSystemSynchronizedRootGroup;
			exceptions = (
				E863A26D2DCAA737009ED964 /* Exceptions for "Magz" folder in "Magz" target */,
			);
			path = Magz;
			sourceTree = "<group>";
		};
		E863A25E2DCAA737009ED964 /* MagzTests */ = {
			isa = PBXFileSystemSynchronizedRootGroup;
			path = MagzTests;
			sourceTree = "<group>";
		};
		E863A2682DCAA737009ED964 /* MagzUITests */ = {
			isa = PBXFileSystemSynchronizedRootGroup;
			path = MagzUITests;
			sourceTree = "<group>";
		};
		E8F9E91A2DEE150E008A32D3 /* ToAdd */ = {
			isa = PBXFileSystemSynchronizedRootGroup;
			path = ToAdd;
			sourceTree = "<group>";
		};
/* End PBXFileSystemSynchronizedRootGroup section */

/* Begin PBXFrameworksBuildPhase section */
		E863A2422DCAA735009ED964 /* Frameworks */ = {
			isa = PBXFrameworksBuildPhase;
			buildActionMask = 2147483647;
			files = (
			);
			runOnlyForDeploymentPostprocessing = 0;
		};
		E863A2582DCAA737009ED964 /* Frameworks */ = {
			isa = PBXFrameworksBuildPhase;
			buildActionMask = 2147483647;
			files = (
			);
			runOnlyForDeploymentPostprocessing = 0;
		};
		E863A2622DCAA737009ED964 /* Frameworks */ = {
			isa = PBXFrameworksBuildPhase;
			buildActionMask = 2147483647;
			files = (
			);
			runOnlyForDeploymentPostprocessing = 0;
		};
/* End PBXFrameworksBuildPhase section */

/* Begin PBXGroup section */
		E863A23C2DCAA735009ED964 = {
			isa = PBXGroup;
			children = (
				E863A2472DCAA735009ED964 /* Magz */,
				E863A25E2DCAA737009ED964 /* MagzTests */,
				E863A2682DCAA737009ED964 /* MagzUITests */,
				E863A2462DCAA735009ED964 /* Products */,
				E8F9E91A2DEE150E008A32D3 /* ToAdd */,
			);
			sourceTree = "<group>";
		};
		E863A2462DCAA735009ED964 /* Products */ = {
			isa = PBXGroup;
			children = (
				E863A2452DCAA735009ED964 /* Magz.app */,
				E863A25B2DCAA737009ED964 /* MagzTests.xctest */,
				E863A2652DCAA737009ED964 /* MagzUITests.xctest */,
			);
			name = Products;
			sourceTree = "<group>";
		};
/* End PBXGroup section */

/* Begin PBXNativeTarget section */
		E863A2442DCAA735009ED964 /* Magz */ = {
			isa = PBXNativeTarget;
			buildConfigurationList = E863A26E2DCAA737009ED964 /* Build configuration list for PBXNativeTarget "Magz" */;
			buildPhases = (
				E863A2412DCAA735009ED964 /* Sources */,
				E863A2422DCAA735009ED964 /* Frameworks */,
				E863A2432DCAA735009ED964 /* Resources */,
			);
			buildRules = (
			);
			dependencies = (
			);
			fileSystemSynchronizedGroups = (
				E863A2472DCAA735009ED964 /* Magz */,
				E8F9E91A2DEE150E008A32D3 /* ToAdd */,
			);
			name = Magz;
			packageProductDependencies = (
			);
			productName = Magz;
			productReference = E863A2452DCAA735009ED964 /* Magz.app */;
			productType = "com.apple.product-type.application";
		};
		E863A25A2DCAA737009ED964 /* MagzTests */ = {
			isa = PBXNativeTarget;
			buildConfigurationList = E863A2732DCAA737009ED964 /* Build configuration list for PBXNativeTarget "MagzTests" */;
			buildPhases = (
				E863A2572DCAA737009ED964 /* Sources */,
				E863A2582DCAA737009ED964 /* Frameworks */,
				E863A2592DCAA737009ED964 /* Resources */,
			);
			buildRules = (
			);
			dependencies = (
				E863A25D2DCAA737009ED964 /* PBXTargetDependency */,
			);
			fileSystemSynchronizedGroups = (
				E863A25E2DCAA737009ED964 /* MagzTests */,
			);
			name = MagzTests;
			packageProductDependencies = (
			);
			productName = MagzTests;
			productReference = E863A25B2DCAA737009ED964 /* MagzTests.xctest */;
			productType = "com.apple.product-type.bundle.unit-test";
		};
		E863A2642DCAA737009ED964 /* MagzUITests */ = {
			isa = PBXNativeTarget;
			buildConfigurationList = E863A2762DCAA737009ED964 /* Build configuration list for PBXNativeTarget "MagzUITests" */;
			buildPhases = (
				E863A2612DCAA737009ED964 /* Sources */,
				E863A2622DCAA737009ED964 /* Frameworks */,
				E863A2632DCAA737009ED964 /* Resources */,
			);
			buildRules = (
			);
			dependencies = (
				E863A2672DCAA737009ED964 /* PBXTargetDependency */,
			);
			fileSystemSynchronizedGroups = (
				E863A2682DCAA737009ED964 /* MagzUITests */,
			);
			name = MagzUITests;
			packageProductDependencies = (
			);
			productName = MagzUITests;
			productReference = E863A2652DCAA737009ED964 /* MagzUITests.xctest */;
			productType = "com.apple.product-type.bundle.ui-testing";
		};
/* End PBXNativeTarget section */

/* Begin PBXProject section */
		E863A23D2DCAA735009ED964 /* Project object */ = {
			isa = PBXProject;
			attributes = {
				BuildIndependentTargetsInParallel = 1;
				LastSwiftUpdateCheck = 1630;
				LastUpgradeCheck = 1630;
				TargetAttributes = {
					E863A2442DCAA735009ED964 = {
						CreatedOnToolsVersion = 16.3;
					};
					E863A25A2DCAA737009ED964 = {
						CreatedOnToolsVersion = 16.3;
						TestTargetID = E863A2442DCAA735009ED964;
					};
					E863A2642DCAA737009ED964 = {
						CreatedOnToolsVersion = 16.3;
						TestTargetID = E863A2442DCAA735009ED964;
					};
				};
			};
			buildConfigurationList = E863A2402DCAA735009ED964 /* Build configuration list for PBXProject "Magz" */;
			developmentRegion = en;
			hasScannedForEncodings = 0;
			knownRegions = (
				en,
				Base,
			);
			mainGroup = E863A23C2DCAA735009ED964;
			minimizedProjectReferenceProxies = 1;
			preferredProjectObjectVersion = 77;
			productRefGroup = E863A2462DCAA735009ED964 /* Products */;
			projectDirPath = "";
			projectRoot = "";
			targets = (
				E863A2442DCAA735009ED964 /* Magz */,
				E863A25A2DCAA737009ED964 /* MagzTests */,
				E863A2642DCAA737009ED964 /* MagzUITests */,
			);
		};
/* End PBXProject section */

/* Begin PBXResourcesBuildPhase section */
		E863A2432DCAA735009ED964 /* Resources */ = {
			isa = PBXResourcesBuildPhase;
			buildActionMask = 2147483647;
			files = (
			);
			runOnlyForDeploymentPostprocessing = 0;
		};
		E863A2592DCAA737009ED964 /* Resources */ = {
			isa = PBXResourcesBuildPhase;
			buildActionMask = 2147483647;
			files = (
			);
			runOnlyForDeploymentPostprocessing = 0;
		};
		E863A2632DCAA737009ED964 /* Resources */ = {
			isa = PBXResourcesBuildPhase;
			buildActionMask = 2147483647;
			files = (
			);
			runOnlyForDeploymentPostprocessing = 0;
		};
/* End PBXResourcesBuildPhase section */

/* Begin PBXSourcesBuildPhase section */
		E863A2412DCAA735009ED964 /* Sources */ = {
			isa = PBXSourcesBuildPhase;
			buildActionMask = 2147483647;
			files = (
			);
			runOnlyForDeploymentPostprocessing = 0;
		};
		E863A2572DCAA737009ED964 /* Sources */ = {
			isa = PBXSourcesBuildPhase;
			buildActionMask = 2147483647;
			files = (
			);
			runOnlyForDeploymentPostprocessing = 0;
		};
		E863A2612DCAA737009ED964 /* Sources */ = {
			isa = PBXSourcesBuildPhase;
			buildActionMask = 2147483647;
			files = (
			);
			runOnlyForDeploymentPostprocessing = 0;
		};
/* End PBXSourcesBuildPhase section */

/* Begin PBXTargetDependency section */
		E863A25D2DCAA737009ED964 /* PBXTargetDependency */ = {
			isa = PBXTargetDependency;
			target = E863A2442DCAA735009ED964 /* Magz */;
			targetProxy = E863A25C2DCAA737009ED964 /* PBXContainerItemProxy */;
		};
		E863A2672DCAA737009ED964 /* PBXTargetDependency */ = {
			isa = PBXTargetDependency;
			target = E863A2442DCAA735009ED964 /* Magz */;
			targetProxy = E863A2662DCAA737009ED964 /* PBXContainerItemProxy */;
		};
/* End PBXTargetDependency section */

/* Begin XCBuildConfiguration section */
		E863A26F2DCAA737009ED964 /* Debug */ = {
			isa = XCBuildConfiguration;
			buildSettings = {
				ASSETCATALOG_COMPILER_APPICON_NAME = AppIcon;
				ASSETCATALOG_COMPILER_GLOBAL_ACCENT_COLOR_NAME = AccentColor;
				CODE_SIGN_STYLE = Automatic;
				CURRENT_PROJECT_VERSION = 1;
				DEVELOPMENT_TEAM = 3LHJDLG87Z;
				GENERATE_INFOPLIST_FILE = YES;
				INFOPLIST_FILE = Magz/Info.plist;
				INFOPLIST_KEY_UIApplicationSupportsIndirectInputEvents = YES;
				INFOPLIST_KEY_UILaunchStoryboardName = LaunchScreen;
				INFOPLIST_KEY_UISupportedInterfaceOrientations_iPad = "UIInterfaceOrientationPortrait UIInterfaceOrientationPortraitUpsideDown UIInterfaceOrientationLandscapeLeft UIInterfaceOrientationLandscapeRight";
				INFOPLIST_KEY_UISupportedInterfaceOrientations_iPhone = "UIInterfaceOrientationPortrait UIInterfaceOrientationLandscapeLeft UIInterfaceOrientationLandscapeRight";
				LD_RUNPATH_SEARCH_PATHS = (
					"$(inherited)",
					"@executable_path/Frameworks",
				);
				MARKETING_VERSION = 1.0;
				PRODUCT_BUNDLE_IDENTIFIER = Testers.Magz;
				PRODUCT_NAME = "$(TARGET_NAME)";
				SWIFT_EMIT_LOC_STRINGS = YES;
				SWIFT_VERSION = 5.0;
				TARGETED_DEVICE_FAMILY = "1,2";
			};
			name = Debug;
		};
		E863A2702DCAA737009ED964 /* Release */ = {
			isa = XCBuildConfiguration;
			buildSettings = {
				ASSETCATALOG_COMPILER_APPICON_NAME = AppIcon;
				ASSETCATALOG_COMPILER_GLOBAL_ACCENT_COLOR_NAME = AccentColor;
				CODE_SIGN_STYLE = Automatic;
				CURRENT_PROJECT_VERSION = 1;
				DEVELOPMENT_TEAM = 3LHJDLG87Z;
				GENERATE_INFOPLIST_FILE = YES;
				INFOPLIST_FILE = Magz/Info.plist;
				INFOPLIST_KEY_UIApplicationSupportsIndirectInputEvents = YES;
				INFOPLIST_KEY_UILaunchStoryboardName = LaunchScreen;
				INFOPLIST_KEY_UISupportedInterfaceOrientations_iPad = "UIInterfaceOrientationPortrait UIInterfaceOrientationPortraitUpsideDown UIInterfaceOrientationLandscapeLeft UIInterfaceOrientationLandscapeRight";
				INFOPLIST_KEY_UISupportedInterfaceOrientations_iPhone = "UIInterfaceOrientationPortrait UIInterfaceOrientationLandscapeLeft UIInterfaceOrientationLandscapeRight";
				LD_RUNPATH_SEARCH_PATHS = (
					"$(inherited)",
					"@executable_path/Frameworks",
				);
				MARKETING_VERSION = 1.0;
				PRODUCT_BUNDLE_IDENTIFIER = Testers.Magz;
				PRODUCT_NAME = "$(TARGET_NAME)";
				SWIFT_EMIT_LOC_STRINGS = YES;
				SWIFT_VERSION = 5.0;
				TARGETED_DEVICE_FAMILY = "1,2";
			};
			name = Release;
		};
		E863A2712DCAA737009ED964 /* Debug */ = {
			isa = XCBuildConfiguration;
			buildSettings = {
				ALWAYS_SEARCH_USER_PATHS = NO;
				ASSETCATALOG_COMPILER_GENERATE_SWIFT_ASSET_SYMBOL_EXTENSIONS = YES;
				CLANG_ANALYZER_NONNULL = YES;
				CLANG_ANALYZER_NUMBER_OBJECT_CONVERSION = YES_AGGRESSIVE;
				CLANG_CXX_LANGUAGE_STANDARD = "gnu++20";
				CLANG_ENABLE_MODULES = YES;
				CLANG_ENABLE_OBJC_ARC = YES;
				CLANG_ENABLE_OBJC_WEAK = YES;
				CLANG_WARN_BLOCK_CAPTURE_AUTORELEASING = YES;
				CLANG_WARN_BOOL_CONVERSION = YES;
				CLANG_WARN_COMMA = YES;
				CLANG_WARN_CONSTANT_CONVERSION = YES;
				CLANG_WARN_DEPRECATED_OBJC_IMPLEMENTATIONS = YES;
				CLANG_WARN_DIRECT_OBJC_ISA_USAGE = YES_ERROR;
				CLANG_WARN_DOCUMENTATION_COMMENTS = YES;
				CLANG_WARN_EMPTY_BODY = YES;
				CLANG_WARN_ENUM_CONVERSION = YES;
				CLANG_WARN_INFINITE_RECURSION = YES;
				CLANG_WARN_INT_CONVERSION = YES;
				CLANG_WARN_NON_LITERAL_NULL_CONVERSION = YES;
				CLANG_WARN_OBJC_IMPLICIT_RETAIN_SELF = YES;
				CLANG_WARN_OBJC_LITERAL_CONVERSION = YES;
				CLANG_WARN_OBJC_ROOT_CLASS = YES_ERROR;
				CLANG_WARN_QUOTED_INCLUDE_IN_FRAMEWORK_HEADER = YES;
				CLANG_WARN_RANGE_LOOP_ANALYSIS = YES;
				CLANG_WARN_STRICT_PROTOTYPES = YES;
				CLANG_WARN_SUSPICIOUS_MOVE = YES;
				CLANG_WARN_UNGUARDED_AVAILABILITY = YES_AGGRESSIVE;
				CLANG_WARN_UNREACHABLE_CODE = YES;
				CLANG_WARN__DUPLICATE_METHOD_MATCH = YES;
				COPY_PHASE_STRIP = NO;
				DEBUG_INFORMATION_FORMAT = dwarf;
				DEVELOPMENT_TEAM = 3LHJDLG87Z;
				ENABLE_STRICT_OBJC_MSGSEND = YES;
				ENABLE_TESTABILITY = YES;
				ENABLE_USER_SCRIPT_SANDBOXING = YES;
				GCC_C_LANGUAGE_STANDARD = gnu17;
				GCC_DYNAMIC_NO_PIC = NO;
				GCC_NO_COMMON_BLOCKS = YES;
				GCC_OPTIMIZATION_LEVEL = 0;
				GCC_PREPROCESSOR_DEFINITIONS = (
					"DEBUG=1",
					"$(inherited)",
				);
				GCC_WARN_64_TO_32_BIT_CONVERSION = YES;
				GCC_WARN_ABOUT_RETURN_TYPE = YES_ERROR;
				GCC_WARN_UNDECLARED_SELECTOR = YES;
				GCC_WARN_UNINITIALIZED_AUTOS = YES_AGGRESSIVE;
				GCC_WARN_UNUSED_FUNCTION = YES;
				GCC_WARN_UNUSED_VARIABLE = YES;
				IPHONEOS_DEPLOYMENT_TARGET = 18.4;
				LOCALIZATION_PREFERS_STRING_CATALOGS = YES;
				MTL_ENABLE_DEBUG_INFO = INCLUDE_SOURCE;
				MTL_FAST_MATH = YES;
				ONLY_ACTIVE_ARCH = YES;
				SDKROOT = iphoneos;
				SWIFT_ACTIVE_COMPILATION_CONDITIONS = "DEBUG $(inherited)";
				SWIFT_OPTIMIZATION_LEVEL = "-Onone";
			};
			name = Debug;
		};
		E863A2722DCAA737009ED964 /* Release */ = {
			isa = XCBuildConfiguration;
			buildSettings = {
				ALWAYS_SEARCH_USER_PATHS = NO;
				ASSETCATALOG_COMPILER_GENERATE_SWIFT_ASSET_SYMBOL_EXTENSIONS = YES;
				CLANG_ANALYZER_NONNULL = YES;
				CLANG_ANALYZER_NUMBER_OBJECT_CONVERSION = YES_AGGRESSIVE;
				CLANG_CXX_LANGUAGE_STANDARD = "gnu++20";
				CLANG_ENABLE_MODULES = YES;
				CLANG_ENABLE_OBJC_ARC = YES;
				CLANG_ENABLE_OBJC_WEAK = YES;
				CLANG_WARN_BLOCK_CAPTURE_AUTORELEASING = YES;
				CLANG_WARN_BOOL_CONVERSION = YES;
				CLANG_WARN_COMMA = YES;
				CLANG_WARN_CONSTANT_CONVERSION = YES;
				CLANG_WARN_DEPRECATED_OBJC_IMPLEMENTATIONS = YES;
				CLANG_WARN_DIRECT_OBJC_ISA_USAGE = YES_ERROR;
				CLANG_WARN_DOCUMENTATION_COMMENTS = YES;
				CLANG_WARN_EMPTY_BODY = YES;
				CLANG_WARN_ENUM_CONVERSION = YES;
				CLANG_WARN_INFINITE_RECURSION = YES;
				CLANG_WARN_INT_CONVERSION = YES;
				CLANG_WARN_NON_LITERAL_NULL_CONVERSION = YES;
				CLANG_WARN_OBJC_IMPLICIT_RETAIN_SELF = YES;
				CLANG_WARN_OBJC_LITERAL_CONVERSION = YES;
				CLANG_WARN_OBJC_ROOT_CLASS = YES_ERROR;
				CLANG_WARN_QUOTED_INCLUDE_IN_FRAMEWORK_HEADER = YES;
				CLANG_WARN_RANGE_LOOP_ANALYSIS = YES;
				CLANG_WARN_STRICT_PROTOTYPES = YES;
				CLANG_WARN_SUSPICIOUS_MOVE = YES;
				CLANG_WARN_UNGUARDED_AVAILABILITY = YES_AGGRESSIVE;
				CLANG_WARN_UNREACHABLE_CODE = YES;
				CLANG_WARN__DUPLICATE_METHOD_MATCH = YES;
				COPY_PHASE_STRIP = NO;
				DEBUG_INFORMATION_FORMAT = "dwarf-with-dsym";
				DEVELOPMENT_TEAM = 3LHJDLG87Z;
				ENABLE_NS_ASSERTIONS = NO;
				ENABLE_STRICT_OBJC_MSGSEND = YES;
				ENABLE_USER_SCRIPT_SANDBOXING = YES;
				GCC_C_LANGUAGE_STANDARD = gnu17;
				GCC_NO_COMMON_BLOCKS = YES;
				GCC_WARN_64_TO_32_BIT_CONVERSION = YES;
				GCC_WARN_ABOUT_RETURN_TYPE = YES_ERROR;
				GCC_WARN_UNDECLARED_SELECTOR = YES;
				GCC_WARN_UNINITIALIZED_AUTOS = YES_AGGRESSIVE;
				GCC_WARN_UNUSED_FUNCTION = YES;
				GCC_WARN_UNUSED_VARIABLE = YES;
				IPHONEOS_DEPLOYMENT_TARGET = 18.4;
				LOCALIZATION_PREFERS_STRING_CATALOGS = YES;
				MTL_ENABLE_DEBUG_INFO = NO;
				MTL_FAST_MATH = YES;
				SDKROOT = iphoneos;
				SWIFT_COMPILATION_MODE = wholemodule;
				VALIDATE_PRODUCT = YES;
			};
			name = Release;
		};
		E863A2742DCAA737009ED964 /* Debug */ = {
			isa = XCBuildConfiguration;
			buildSettings = {
				BUNDLE_LOADER = "$(TEST_HOST)";
				CODE_SIGN_STYLE = Automatic;
				CURRENT_PROJECT_VERSION = 1;
				DEVELOPMENT_TEAM = 3LHJDLG87Z;
				GENERATE_INFOPLIST_FILE = YES;
				IPHONEOS_DEPLOYMENT_TARGET = 18.4;
				MARKETING_VERSION = 1.0;
				PRODUCT_BUNDLE_IDENTIFIER = Testers.MagzTests;
				PRODUCT_NAME = "$(TARGET_NAME)";
				SWIFT_EMIT_LOC_STRINGS = NO;
				SWIFT_VERSION = 5.0;
				TARGETED_DEVICE_FAMILY = "1,2";
				TEST_HOST = "$(BUILT_PRODUCTS_DIR)/Magz.app/$(BUNDLE_EXECUTABLE_FOLDER_PATH)/Magz";
			};
			name = Debug;
		};
		E863A2752DCAA737009ED964 /* Release */ = {
			isa = XCBuildConfiguration;
			buildSettings = {
				BUNDLE_LOADER = "$(TEST_HOST)";
				CODE_SIGN_STYLE = Automatic;
				CURRENT_PROJECT_VERSION = 1;
				DEVELOPMENT_TEAM = 3LHJDLG87Z;
				GENERATE_INFOPLIST_FILE = YES;
				IPHONEOS_DEPLOYMENT_TARGET = 18.4;
				MARKETING_VERSION = 1.0;
				PRODUCT_BUNDLE_IDENTIFIER = Testers.MagzTests;
				PRODUCT_NAME = "$(TARGET_NAME)";
				SWIFT_EMIT_LOC_STRINGS = NO;
				SWIFT_VERSION = 5.0;
				TARGETED_DEVICE_FAMILY = "1,2";
				TEST_HOST = "$(BUILT_PRODUCTS_DIR)/Magz.app/$(BUNDLE_EXECUTABLE_FOLDER_PATH)/Magz";
			};
			name = Release;
		};
		E863A2772DCAA737009ED964 /* Debug */ = {
			isa = XCBuildConfiguration;
			buildSettings = {
				CODE_SIGN_STYLE = Automatic;
				CURRENT_PROJECT_VERSION = 1;
				DEVELOPMENT_TEAM = 3LHJDLG87Z;
				GENERATE_INFOPLIST_FILE = YES;
				MARKETING_VERSION = 1.0;
				PRODUCT_BUNDLE_IDENTIFIER = Testers.MagzUITests;
				PRODUCT_NAME = "$(TARGET_NAME)";
				SWIFT_EMIT_LOC_STRINGS = NO;
				SWIFT_VERSION = 5.0;
				TARGETED_DEVICE_FAMILY = "1,2";
				TEST_TARGET_NAME = Magz;
			};
			name = Debug;
		};
		E863A2782DCAA737009ED964 /* Release */ = {
			isa = XCBuildConfiguration;
			buildSettings = {
				CODE_SIGN_STYLE = Automatic;
				CURRENT_PROJECT_VERSION = 1;
				DEVELOPMENT_TEAM = 3LHJDLG87Z;
				GENERATE_INFOPLIST_FILE = YES;
				MARKETING_VERSION = 1.0;
				PRODUCT_BUNDLE_IDENTIFIER = Testers.MagzUITests;
				PRODUCT_NAME = "$(TARGET_NAME)";
				SWIFT_EMIT_LOC_STRINGS = NO;
				SWIFT_VERSION = 5.0;
				TARGETED_DEVICE_FAMILY = "1,2";
				TEST_TARGET_NAME = Magz;
			};
			name = Release;
		};
/* End XCBuildConfiguration section */

/* Begin XCConfigurationList section */
		E863A2402DCAA735009ED964 /* Build configuration list for PBXProject "Magz" */ = {
			isa = XCConfigurationList;
			buildConfigurations = (
				E863A2712DCAA737009ED964 /* Debug */,
				E863A2722DCAA737009ED964 /* Release */,
			);
			defaultConfigurationIsVisible = 0;
			defaultConfigurationName = Release;
		};
		E863A26E2DCAA737009ED964 /* Build configuration list for PBXNativeTarget "Magz" */ = {
			isa = XCConfigurationList;
			buildConfigurations = (
				E863A26F2DCAA737009ED964 /* Debug */,
				E863A2702DCAA737009ED964 /* Release */,
			);
			defaultConfigurationIsVisible = 0;
			defaultConfigurationName = Release;
		};
		E863A2732DCAA737009ED964 /* Build configuration list for PBXNativeTarget "MagzTests" */ = {
			isa = XCConfigurationList;
			buildConfigurations = (
				E863A2742DCAA737009ED964 /* Debug */,
				E863A2752DCAA737009ED964 /* Release */,
			);
			defaultConfigurationIsVisible = 0;
			defaultConfigurationName = Release;
		};
		E863A2762DCAA737009ED964 /* Build configuration list for PBXNativeTarget "MagzUITests" */ = {
			isa = XCConfigurationList;
			buildConfigurations = (
				E863A2772DCAA737009ED964 /* Debug */,
				E863A2782DCAA737009ED964 /* Release */,
			);
			defaultConfigurationIsVisible = 0;
			defaultConfigurationName = Release;
		};
/* End XCConfigurationList section */
	};
	rootObject = E863A23D2DCAA735009ED964 /* Project object */;
}
